
Microsoft Visual Studio Solution File, Format Version 12.00
# Visual Studio Version 17
VisualStudioVersion = 17.7.34031.279
MinimumVisualStudioVersion = 10.0.40219.1
Project("{FAE04EC0-301F-11D3-BF4B-00C04F79EFBC}") = "Rainfall.Web.API", "Rainfall\Rainfall.Web.API.csproj", "{894E9C67-5876-4B2C-A755-56672AE5427E}"
EndProject
Project("{2150E333-8FDC-42A3-9474-1A3956D46DE8}") = "src", "src", "{38093414-2DC9-4C0C-90E9-D521A8F38D17}"
EndProject
Global
	GlobalSection(SolutionConfigurationPlatforms) = preSolution
		Debug|Any CPU = Debug|Any CPU
		Release|Any CPU = Release|Any CPU
	EndGlobalSection
	GlobalSection(ProjectConfigurationPlatforms) = postSolution
		{894E9C67-5876-4B2C-A755-56672AE5427E}.Debug|Any CPU.ActiveCfg = Debug|Any CPU
		{894E9C67-5876-4B2C-A755-56672AE5427E}.Debug|Any CPU.Build.0 = Debug|Any CPU
		{894E9C67-5876-4B2C-A755-56672AE5427E}.Release|Any CPU.ActiveCfg = Release|Any CPU
		{894E9C67-5876-4B2C-A755-56672AE5427E}.Release|Any CPU.Build.0 = Release|Any CPU
	EndGlobalSection
	GlobalSection(SolutionProperties) = preSolution
		HideSolutionNode = FALSE
	EndGlobalSection
	GlobalSection(NestedProjects) = preSolution
		{894E9C67-5876-4B2C-A755-56672AE5427E} = {38093414-2DC9-4C0C-90E9-D521A8F38D17}
	EndGlobalSection
	GlobalSection(ExtensibilityGlobals) = postSolution
		SolutionGuid = {727AA025-A084-4035-AC0F-288F91E00E03}
	EndGlobalSection
EndGlobal
